
Microsoft Visual Studio Solution File, Format Version 12.00
# Visual Studio Version 16
VisualStudioVersion = 16.0.30717.126
MinimumVisualStudioVersion = 10.0.40219.1
Project("{9092AA53-FB77-4645-B42D-1CCCA6BD08BD}") = "ProjektJul2", "ProjektJul2\ProjektJul2.njsproj", "{30AA6BF6-F00D-43C3-BB1B-374B9608E947}"
EndProject
Global
	GlobalSection(SolutionConfigurationPlatforms) = preSolution
		Debug|Any CPU = Debug|Any CPU
		Release|Any CPU = Release|Any CPU
	EndGlobalSection
	GlobalSection(ProjectConfigurationPlatforms) = postSolution
		{30AA6BF6-F00D-43C3-BB1B-374B9608E947}.Debug|Any CPU.ActiveCfg = Debug|Any CPU
		{30AA6BF6-F00D-43C3-BB1B-374B9608E947}.Debug|Any CPU.Build.0 = Debug|Any CPU
		{30AA6BF6-F00D-43C3-BB1B-374B9608E947}.Release|Any CPU.ActiveCfg = Release|Any CPU
		{30AA6BF6-F00D-43C3-BB1B-374B9608E947}.Release|Any CPU.Build.0 = Release|Any CPU
	EndGlobalSection
	GlobalSection(SolutionProperties) = preSolution
		HideSolutionNode = FALSE
	EndGlobalSection
	GlobalSection(ExtensibilityGlobals) = postSolution
		SolutionGuid = {B3FF36FE-547F-4D33-B1B5-F21A0C602C2A}
	EndGlobalSection
EndGlobal
